
Microsoft Visual Studio Solution File, Format Version 12.00
# Visual Studio 14
VisualStudioVersion = 14.0.25123.0
MinimumVisualStudioVersion = 10.0.40219.1
Project("{FAE04EC0-301F-11D3-BF4B-00C04F79EFBC}") = "Yort.Http.Pipeline.Tests", "Yort.Http.Pipeline.Portable.Tests\Yort.Http.Pipeline.Tests.csproj", "{171FA182-A780-45E8-90AA-52FF83BFA83A}"
EndProject
Project("{FAE04EC0-301F-11D3-BF4B-00C04F79EFBC}") = "Yort.Http.Pipeline.Portable", "Yort.Http.Pipeline.Portable\Yort.Http.Pipeline.Portable.csproj", "{422CAFC0-CD17-4134-A61F-2CECBE4B3F08}"
EndProject
Project("{FAE04EC0-301F-11D3-BF4B-00C04F79EFBC}") = "Yort.Http.Pipeline.Uwp", "Yort.Http.Pipeline.Uwp\Yort.Http.Pipeline.Uwp.csproj", "{C9882F35-7885-46B9-8D07-24DA6651101F}"
EndProject
Project("{FAE04EC0-301F-11D3-BF4B-00C04F79EFBC}") = "Yort.Http.Pipeline.Uwp.Tests", "Yort.Http.Pipeline.Uwp.Tests\Yort.Http.Pipeline.Uwp.Tests.csproj", "{F20AC944-54BA-49F5-9D35-644FCF621ACC}"
EndProject
Project("{D954291E-2A0B-460D-934E-DC6B0785DB48}") = "Yort.Http.Pipline.SharedImplementations", "Yort.Http.Pipline.SharedImplementations\Yort.Http.Pipline.SharedImplementations.shproj", "{9D8E37C9-976D-49B0-9267-768594E44E6B}"
EndProject
Project("{FAE04EC0-301F-11D3-BF4B-00C04F79EFBC}") = "Yort.Http.Pipeline.Net40", "Yort.Http.Pipeline.Net40\Yort.Http.Pipeline.Net40.csproj", "{D841C066-8418-47DF-9AE3-6E3A62501ADC}"
EndProject
Project("{FAE04EC0-301F-11D3-BF4B-00C04F79EFBC}") = "Yort.Http.Pipeline.Android", "Yort.Http.Pipeline.Android\Yort.Http.Pipeline.Android.csproj", "{AF9D054E-6020-402B-A609-737370216DE3}"
EndProject
Project("{FAE04EC0-301F-11D3-BF4B-00C04F79EFBC}") = "Yort.Http.Pipeline.iOS", "Yort.Http.Pipeline.iOS\Yort.Http.Pipeline.iOS.csproj", "{D424D5A0-1A70-4997-98C1-44C1845B4E91}"
EndProject
Project("{FAE04EC0-301F-11D3-BF4B-00C04F79EFBC}") = "Yort.Http.Pipeline.Net45", "Yort.Http.Pipeline.Net45\Yort.Http.Pipeline.Net45.csproj", "{3D7F2FD6-7EAE-4A4D-8368-30B886C59ACE}"
EndProject
Global
	GlobalSection(SharedMSBuildProjectFiles) = preSolution
		Yort.Http.Pipline.SharedImplementations\Yort.Http.Pipline.SharedImplementations.projitems*{d424d5a0-1a70-4997-98c1-44c1845b4e91}*SharedItemsImports = 4
		Yort.Http.Pipline.SharedImplementations\Yort.Http.Pipline.SharedImplementations.projitems*{c9882f35-7885-46b9-8d07-24da6651101f}*SharedItemsImports = 4
		Yort.Http.Pipline.SharedImplementations\Yort.Http.Pipline.SharedImplementations.projitems*{af9d054e-6020-402b-a609-737370216de3}*SharedItemsImports = 4
		Yort.Http.Pipline.SharedImplementations\Yort.Http.Pipline.SharedImplementations.projitems*{d841c066-8418-47df-9ae3-6e3a62501adc}*SharedItemsImports = 4
		Yort.Http.Pipline.SharedImplementations\Yort.Http.Pipline.SharedImplementations.projitems*{3d7f2fd6-7eae-4a4d-8368-30b886c59ace}*SharedItemsImports = 4
		Yort.Http.Pipline.SharedImplementations\Yort.Http.Pipline.SharedImplementations.projitems*{9d8e37c9-976d-49b0-9267-768594e44e6b}*SharedItemsImports = 13
	EndGlobalSection
	GlobalSection(SolutionConfigurationPlatforms) = preSolution
		AppStore|Any CPU = AppStore|Any CPU
		AppStore|ARM = AppStore|ARM
		AppStore|x64 = AppStore|x64
		AppStore|x86 = AppStore|x86
		Debug|Any CPU = Debug|Any CPU
		Debug|ARM = Debug|ARM
		Debug|x64 = Debug|x64
		Debug|x86 = Debug|x86
		DebugWithFullTests|Any CPU = DebugWithFullTests|Any CPU
		DebugWithFullTests|ARM = DebugWithFullTests|ARM
		DebugWithFullTests|x64 = DebugWithFullTests|x64
		DebugWithFullTests|x86 = DebugWithFullTests|x86
		Release|Any CPU = Release|Any CPU
		Release|ARM = Release|ARM
		Release|x64 = Release|x64
		Release|x86 = Release|x86
	EndGlobalSection
	GlobalSection(ProjectConfigurationPlatforms) = postSolution
		{171FA182-A780-45E8-90AA-52FF83BFA83A}.AppStore|Any CPU.ActiveCfg = Release|Any CPU
		{171FA182-A780-45E8-90AA-52FF83BFA83A}.AppStore|Any CPU.Build.0 = Release|Any CPU
		{171FA182-A780-45E8-90AA-52FF83BFA83A}.AppStore|ARM.ActiveCfg = Release|Any CPU
		{171FA182-A780-45E8-90AA-52FF83BFA83A}.AppStore|ARM.Build.0 = Release|Any CPU
		{171FA182-A780-45E8-90AA-52FF83BFA83A}.AppStore|x64.ActiveCfg = Release|Any CPU
		{171FA182-A780-45E8-90AA-52FF83BFA83A}.AppStore|x64.Build.0 = Release|Any CPU
		{171FA182-A780-45E8-90AA-52FF83BFA83A}.AppStore|x86.ActiveCfg = Release|Any CPU
		{171FA182-A780-45E8-90AA-52FF83BFA83A}.AppStore|x86.Build.0 = Release|Any CPU
		{171FA182-A780-45E8-90AA-52FF83BFA83A}.Debug|Any CPU.ActiveCfg = Debug|Any CPU
		{171FA182-A780-45E8-90AA-52FF83BFA83A}.Debug|Any CPU.Build.0 = Debug|Any CPU
		{171FA182-A780-45E8-90AA-52FF83BFA83A}.Debug|ARM.ActiveCfg = Debug|Any CPU
		{171FA182-A780-45E8-90AA-52FF83BFA83A}.Debug|ARM.Build.0 = Debug|Any CPU
		{171FA182-A780-45E8-90AA-52FF83BFA83A}.Debug|x64.ActiveCfg = Debug|Any CPU
		{171FA182-A780-45E8-90AA-52FF83BFA83A}.Debug|x64.Build.0 = Debug|Any CPU
		{171FA182-A780-45E8-90AA-52FF83BFA83A}.Debug|x86.ActiveCfg = Debug|Any CPU
		{171FA182-A780-45E8-90AA-52FF83BFA83A}.Debug|x86.Build.0 = Debug|Any CPU
		{171FA182-A780-45E8-90AA-52FF83BFA83A}.DebugWithFullTests|Any CPU.ActiveCfg = DebugWithFullTests|Any CPU
		{171FA182-A780-45E8-90AA-52FF83BFA83A}.DebugWithFullTests|Any CPU.Build.0 = DebugWithFullTests|Any CPU
		{171FA182-A780-45E8-90AA-52FF83BFA83A}.DebugWithFullTests|ARM.ActiveCfg = DebugWithFullTests|Any CPU
		{171FA182-A780-45E8-90AA-52FF83BFA83A}.DebugWithFullTests|ARM.Build.0 = DebugWithFullTests|Any CPU
		{171FA182-A780-45E8-90AA-52FF83BFA83A}.DebugWithFullTests|x64.ActiveCfg = DebugWithFullTests|Any CPU
		{171FA182-A780-45E8-90AA-52FF83BFA83A}.DebugWithFullTests|x64.Build.0 = DebugWithFullTests|Any CPU
		{171FA182-A780-45E8-90AA-52FF83BFA83A}.DebugWithFullTests|x86.ActiveCfg = DebugWithFullTests|Any CPU
		{171FA182-A780-45E8-90AA-52FF83BFA83A}.DebugWithFullTests|x86.Build.0 = DebugWithFullTests|Any CPU
		{171FA182-A780-45E8-90AA-52FF83BFA83A}.Release|Any CPU.ActiveCfg = Release|Any CPU
		{171FA182-A780-45E8-90AA-52FF83BFA83A}.Release|Any CPU.Build.0 = Release|Any CPU
		{171FA182-A780-45E8-90AA-52FF83BFA83A}.Release|ARM.ActiveCfg = Release|Any CPU
		{171FA182-A780-45E8-90AA-52FF83BFA83A}.Release|ARM.Build.0 = Release|Any CPU
		{171FA182-A780-45E8-90AA-52FF83BFA83A}.Release|x64.ActiveCfg = Release|Any CPU
		{171FA182-A780-45E8-90AA-52FF83BFA83A}.Release|x64.Build.0 = Release|Any CPU
		{171FA182-A780-45E8-90AA-52FF83BFA83A}.Release|x86.ActiveCfg = Release|Any CPU
		{171FA182-A780-45E8-90AA-52FF83BFA83A}.Release|x86.Build.0 = Release|Any CPU
		{422CAFC0-CD17-4134-A61F-2CECBE4B3F08}.AppStore|Any CPU.ActiveCfg = Release|Any CPU
		{422CAFC0-CD17-4134-A61F-2CECBE4B3F08}.AppStore|Any CPU.Build.0 = Release|Any CPU
		{422CAFC0-CD17-4134-A61F-2CECBE4B3F08}.AppStore|ARM.ActiveCfg = Release|Any CPU
		{422CAFC0-CD17-4134-A61F-2CECBE4B3F08}.AppStore|ARM.Build.0 = Release|Any CPU
		{422CAFC0-CD17-4134-A61F-2CECBE4B3F08}.AppStore|x64.ActiveCfg = Release|Any CPU
		{422CAFC0-CD17-4134-A61F-2CECBE4B3F08}.AppStore|x64.Build.0 = Release|Any CPU
		{422CAFC0-CD17-4134-A61F-2CECBE4B3F08}.AppStore|x86.ActiveCfg = Release|Any CPU
		{422CAFC0-CD17-4134-A61F-2CECBE4B3F08}.AppStore|x86.Build.0 = Release|Any CPU
		{422CAFC0-CD17-4134-A61F-2CECBE4B3F08}.Debug|Any CPU.ActiveCfg = Debug|Any CPU
		{422CAFC0-CD17-4134-A61F-2CECBE4B3F08}.Debug|Any CPU.Build.0 = Debug|Any CPU
		{422CAFC0-CD17-4134-A61F-2CECBE4B3F08}.Debug|ARM.ActiveCfg = Debug|Any CPU
		{422CAFC0-CD17-4134-A61F-2CECBE4B3F08}.Debug|ARM.Build.0 = Debug|Any CPU
		{422CAFC0-CD17-4134-A61F-2CECBE4B3F08}.Debug|x64.ActiveCfg = Debug|Any CPU
		{422CAFC0-CD17-4134-A61F-2CECBE4B3F08}.Debug|x64.Build.0 = Debug|Any CPU
		{422CAFC0-CD17-4134-A61F-2CECBE4B3F08}.Debug|x86.ActiveCfg = Debug|Any CPU
		{422CAFC0-CD17-4134-A61F-2CECBE4B3F08}.Debug|x86.Build.0 = Debug|Any CPU
		{422CAFC0-CD17-4134-A61F-2CECBE4B3F08}.DebugWithFullTests|Any CPU.ActiveCfg = DebugWithFullTests|Any CPU
		{422CAFC0-CD17-4134-A61F-2CECBE4B3F08}.DebugWithFullTests|Any CPU.Build.0 = DebugWithFullTests|Any CPU
		{422CAFC0-CD17-4134-A61F-2CECBE4B3F08}.DebugWithFullTests|ARM.ActiveCfg = DebugWithFullTests|Any CPU
		{422CAFC0-CD17-4134-A61F-2CECBE4B3F08}.DebugWithFullTests|ARM.Build.0 = DebugWithFullTests|Any CPU
		{422CAFC0-CD17-4134-A61F-2CECBE4B3F08}.DebugWithFullTests|x64.ActiveCfg = DebugWithFullTests|Any CPU
		{422CAFC0-CD17-4134-A61F-2CECBE4B3F08}.DebugWithFullTests|x64.Build.0 = DebugWithFullTests|Any CPU
		{422CAFC0-CD17-4134-A61F-2CECBE4B3F08}.DebugWithFullTests|x86.ActiveCfg = DebugWithFullTests|Any CPU
		{422CAFC0-CD17-4134-A61F-2CECBE4B3F08}.DebugWithFullTests|x86.Build.0 = DebugWithFullTests|Any CPU
		{422CAFC0-CD17-4134-A61F-2CECBE4B3F08}.Release|Any CPU.ActiveCfg = Release|Any CPU
		{422CAFC0-CD17-4134-A61F-2CECBE4B3F08}.Release|Any CPU.Build.0 = Release|Any CPU
		{422CAFC0-CD17-4134-A61F-2CECBE4B3F08}.Release|ARM.ActiveCfg = Release|Any CPU
		{422CAFC0-CD17-4134-A61F-2CECBE4B3F08}.Release|ARM.Build.0 = Release|Any CPU
		{422CAFC0-CD17-4134-A61F-2CECBE4B3F08}.Release|x64.ActiveCfg = Release|Any CPU
		{422CAFC0-CD17-4134-A61F-2CECBE4B3F08}.Release|x64.Build.0 = Release|Any CPU
		{422CAFC0-CD17-4134-A61F-2CECBE4B3F08}.Release|x86.ActiveCfg = Release|Any CPU
		{422CAFC0-CD17-4134-A61F-2CECBE4B3F08}.Release|x86.Build.0 = Release|Any CPU
		{C9882F35-7885-46B9-8D07-24DA6651101F}.AppStore|Any CPU.ActiveCfg = Release|Any CPU
		{C9882F35-7885-46B9-8D07-24DA6651101F}.AppStore|Any CPU.Build.0 = Release|Any CPU
		{C9882F35-7885-46B9-8D07-24DA6651101F}.AppStore|ARM.ActiveCfg = Release|ARM
		{C9882F35-7885-46B9-8D07-24DA6651101F}.AppStore|ARM.Build.0 = Release|ARM
		{C9882F35-7885-46B9-8D07-24DA6651101F}.AppStore|x64.ActiveCfg = Release|x64
		{C9882F35-7885-46B9-8D07-24DA6651101F}.AppStore|x64.Build.0 = Release|x64
		{C9882F35-7885-46B9-8D07-24DA6651101F}.AppStore|x86.ActiveCfg = Release|x86
		{C9882F35-7885-46B9-8D07-24DA6651101F}.AppStore|x86.Build.0 = Release|x86
		{C9882F35-7885-46B9-8D07-24DA6651101F}.Debug|Any CPU.ActiveCfg = Debug|Any CPU
		{C9882F35-7885-46B9-8D07-24DA6651101F}.Debug|Any CPU.Build.0 = Debug|Any CPU
		{C9882F35-7885-46B9-8D07-24DA6651101F}.Debug|ARM.ActiveCfg = Debug|ARM
		{C9882F35-7885-46B9-8D07-24DA6651101F}.Debug|ARM.Build.0 = Debug|ARM
		{C9882F35-7885-46B9-8D07-24DA6651101F}.Debug|x64.ActiveCfg = Debug|x64
		{C9882F35-7885-46B9-8D07-24DA6651101F}.Debug|x64.Build.0 = Debug|x64
		{C9882F35-7885-46B9-8D07-24DA6651101F}.Debug|x86.ActiveCfg = Debug|Any CPU
		{C9882F35-7885-46B9-8D07-24DA6651101F}.Debug|x86.Build.0 = Debug|Any CPU
		{C9882F35-7885-46B9-8D07-24DA6651101F}.DebugWithFullTests|Any CPU.ActiveCfg = DebugWithFullTests|Any CPU
		{C9882F35-7885-46B9-8D07-24DA6651101F}.DebugWithFullTests|Any CPU.Build.0 = DebugWithFullTests|Any CPU
		{C9882F35-7885-46B9-8D07-24DA6651101F}.DebugWithFullTests|ARM.ActiveCfg = DebugWithFullTests|ARM
		{C9882F35-7885-46B9-8D07-24DA6651101F}.DebugWithFullTests|ARM.Build.0 = DebugWithFullTests|ARM
		{C9882F35-7885-46B9-8D07-24DA6651101F}.DebugWithFullTests|x64.ActiveCfg = DebugWithFullTests|x64
		{C9882F35-7885-46B9-8D07-24DA6651101F}.DebugWithFullTests|x64.Build.0 = DebugWithFullTests|x64
		{C9882F35-7885-46B9-8D07-24DA6651101F}.DebugWithFullTests|x86.ActiveCfg = DebugWithFullTests|x86
		{C9882F35-7885-46B9-8D07-24DA6651101F}.DebugWithFullTests|x86.Build.0 = DebugWithFullTests|x86
		{C9882F35-7885-46B9-8D07-24DA6651101F}.Release|Any CPU.ActiveCfg = Release|Any CPU
		{C9882F35-7885-46B9-8D07-24DA6651101F}.Release|Any CPU.Build.0 = Release|Any CPU
		{C9882F35-7885-46B9-8D07-24DA6651101F}.Release|ARM.ActiveCfg = Release|ARM
		{C9882F35-7885-46B9-8D07-24DA6651101F}.Release|ARM.Build.0 = Release|ARM
		{C9882F35-7885-46B9-8D07-24DA6651101F}.Release|x64.ActiveCfg = Release|x64
		{C9882F35-7885-46B9-8D07-24DA6651101F}.Release|x64.Build.0 = Release|x64
		{C9882F35-7885-46B9-8D07-24DA6651101F}.Release|x86.ActiveCfg = Release|x86
		{C9882F35-7885-46B9-8D07-24DA6651101F}.Release|x86.Build.0 = Release|x86
		{F20AC944-54BA-49F5-9D35-644FCF621ACC}.AppStore|Any CPU.ActiveCfg = Release|x64
		{F20AC944-54BA-49F5-9D35-644FCF621ACC}.AppStore|Any CPU.Build.0 = Release|x64
		{F20AC944-54BA-49F5-9D35-644FCF621ACC}.AppStore|Any CPU.Deploy.0 = Release|x64
		{F20AC944-54BA-49F5-9D35-644FCF621ACC}.AppStore|ARM.ActiveCfg = Release|ARM
		{F20AC944-54BA-49F5-9D35-644FCF621ACC}.AppStore|ARM.Build.0 = Release|ARM
		{F20AC944-54BA-49F5-9D35-644FCF621ACC}.AppStore|ARM.Deploy.0 = Release|ARM
		{F20AC944-54BA-49F5-9D35-644FCF621ACC}.AppStore|x64.ActiveCfg = Release|x64
		{F20AC944-54BA-49F5-9D35-644FCF621ACC}.AppStore|x64.Build.0 = Release|x64
		{F20AC944-54BA-49F5-9D35-644FCF621ACC}.AppStore|x64.Deploy.0 = Release|x64
		{F20AC944-54BA-49F5-9D35-644FCF621ACC}.AppStore|x86.ActiveCfg = Release|x86
		{F20AC944-54BA-49F5-9D35-644FCF621ACC}.AppStore|x86.Build.0 = Release|x86
		{F20AC944-54BA-49F5-9D35-644FCF621ACC}.AppStore|x86.Deploy.0 = Release|x86
		{F20AC944-54BA-49F5-9D35-644FCF621ACC}.Debug|Any CPU.ActiveCfg = Debug|Any CPU
		{F20AC944-54BA-49F5-9D35-644FCF621ACC}.Debug|Any CPU.Build.0 = Debug|Any CPU
		{F20AC944-54BA-49F5-9D35-644FCF621ACC}.Debug|Any CPU.Deploy.0 = Debug|Any CPU
		{F20AC944-54BA-49F5-9D35-644FCF621ACC}.Debug|ARM.ActiveCfg = Debug|ARM
		{F20AC944-54BA-49F5-9D35-644FCF621ACC}.Debug|ARM.Build.0 = Debug|ARM
		{F20AC944-54BA-49F5-9D35-644FCF621ACC}.Debug|ARM.Deploy.0 = Debug|ARM
		{F20AC944-54BA-49F5-9D35-644FCF621ACC}.Debug|x64.ActiveCfg = Debug|x64
		{F20AC944-54BA-49F5-9D35-644FCF621ACC}.Debug|x64.Build.0 = Debug|x64
		{F20AC944-54BA-49F5-9D35-644FCF621ACC}.Debug|x64.Deploy.0 = Debug|x64
		{F20AC944-54BA-49F5-9D35-644FCF621ACC}.Debug|x86.ActiveCfg = Debug|Any CPU
		{F20AC944-54BA-49F5-9D35-644FCF621ACC}.Debug|x86.Build.0 = Debug|Any CPU
		{F20AC944-54BA-49F5-9D35-644FCF621ACC}.Debug|x86.Deploy.0 = Debug|Any CPU
		{F20AC944-54BA-49F5-9D35-644FCF621ACC}.DebugWithFullTests|Any CPU.ActiveCfg = DebugWithFullTests|Any CPU
		{F20AC944-54BA-49F5-9D35-644FCF621ACC}.DebugWithFullTests|Any CPU.Build.0 = DebugWithFullTests|Any CPU
		{F20AC944-54BA-49F5-9D35-644FCF621ACC}.DebugWithFullTests|Any CPU.Deploy.0 = DebugWithFullTests|Any CPU
		{F20AC944-54BA-49F5-9D35-644FCF621ACC}.DebugWithFullTests|ARM.ActiveCfg = DebugWithFullTests|ARM
		{F20AC944-54BA-49F5-9D35-644FCF621ACC}.DebugWithFullTests|ARM.Build.0 = DebugWithFullTests|ARM
		{F20AC944-54BA-49F5-9D35-644FCF621ACC}.DebugWithFullTests|ARM.Deploy.0 = DebugWithFullTests|ARM
		{F20AC944-54BA-49F5-9D35-644FCF621ACC}.DebugWithFullTests|x64.ActiveCfg = DebugWithFullTests|x64
		{F20AC944-54BA-49F5-9D35-644FCF621ACC}.DebugWithFullTests|x64.Build.0 = DebugWithFullTests|x64
		{F20AC944-54BA-49F5-9D35-644FCF621ACC}.DebugWithFullTests|x64.Deploy.0 = DebugWithFullTests|x64
		{F20AC944-54BA-49F5-9D35-644FCF621ACC}.DebugWithFullTests|x86.ActiveCfg = DebugWithFullTests|x86
		{F20AC944-54BA-49F5-9D35-644FCF621ACC}.DebugWithFullTests|x86.Build.0 = DebugWithFullTests|x86
		{F20AC944-54BA-49F5-9D35-644FCF621ACC}.DebugWithFullTests|x86.Deploy.0 = DebugWithFullTests|x86
		{F20AC944-54BA-49F5-9D35-644FCF621ACC}.Release|Any CPU.ActiveCfg = Release|x86
		{F20AC944-54BA-49F5-9D35-644FCF621ACC}.Release|Any CPU.Build.0 = Release|x86
		{F20AC944-54BA-49F5-9D35-644FCF621ACC}.Release|Any CPU.Deploy.0 = Release|x86
		{F20AC944-54BA-49F5-9D35-644FCF621ACC}.Release|ARM.ActiveCfg = Release|ARM
		{F20AC944-54BA-49F5-9D35-644FCF621ACC}.Release|ARM.Build.0 = Release|ARM
		{F20AC944-54BA-49F5-9D35-644FCF621ACC}.Release|ARM.Deploy.0 = Release|ARM
		{F20AC944-54BA-49F5-9D35-644FCF621ACC}.Release|x64.ActiveCfg = Release|x64
		{F20AC944-54BA-49F5-9D35-644FCF621ACC}.Release|x64.Build.0 = Release|x64
		{F20AC944-54BA-49F5-9D35-644FCF621ACC}.Release|x64.Deploy.0 = Release|x64
		{F20AC944-54BA-49F5-9D35-644FCF621ACC}.Release|x86.ActiveCfg = Release|x86
		{F20AC944-54BA-49F5-9D35-644FCF621ACC}.Release|x86.Build.0 = Release|x86
		{F20AC944-54BA-49F5-9D35-644FCF621ACC}.Release|x86.Deploy.0 = Release|x86
		{D841C066-8418-47DF-9AE3-6E3A62501ADC}.AppStore|Any CPU.ActiveCfg = Release|Any CPU
		{D841C066-8418-47DF-9AE3-6E3A62501ADC}.AppStore|Any CPU.Build.0 = Release|Any CPU
		{D841C066-8418-47DF-9AE3-6E3A62501ADC}.AppStore|ARM.ActiveCfg = Release|Any CPU
		{D841C066-8418-47DF-9AE3-6E3A62501ADC}.AppStore|ARM.Build.0 = Release|Any CPU
		{D841C066-8418-47DF-9AE3-6E3A62501ADC}.AppStore|x64.ActiveCfg = Release|Any CPU
		{D841C066-8418-47DF-9AE3-6E3A62501ADC}.AppStore|x64.Build.0 = Release|Any CPU
		{D841C066-8418-47DF-9AE3-6E3A62501ADC}.AppStore|x86.ActiveCfg = Release|Any CPU
		{D841C066-8418-47DF-9AE3-6E3A62501ADC}.AppStore|x86.Build.0 = Release|Any CPU
		{D841C066-8418-47DF-9AE3-6E3A62501ADC}.Debug|Any CPU.ActiveCfg = Debug|Any CPU
		{D841C066-8418-47DF-9AE3-6E3A62501ADC}.Debug|Any CPU.Build.0 = Debug|Any CPU
		{D841C066-8418-47DF-9AE3-6E3A62501ADC}.Debug|ARM.ActiveCfg = Debug|Any CPU
		{D841C066-8418-47DF-9AE3-6E3A62501ADC}.Debug|ARM.Build.0 = Debug|Any CPU
		{D841C066-8418-47DF-9AE3-6E3A62501ADC}.Debug|x64.ActiveCfg = Debug|Any CPU
		{D841C066-8418-47DF-9AE3-6E3A62501ADC}.Debug|x64.Build.0 = Debug|Any CPU
		{D841C066-8418-47DF-9AE3-6E3A62501ADC}.Debug|x86.ActiveCfg = Debug|Any CPU
		{D841C066-8418-47DF-9AE3-6E3A62501ADC}.Debug|x86.Build.0 = Debug|Any CPU
		{D841C066-8418-47DF-9AE3-6E3A62501ADC}.DebugWithFullTests|Any CPU.ActiveCfg = DebugWithFullTests|Any CPU
		{D841C066-8418-47DF-9AE3-6E3A62501ADC}.DebugWithFullTests|Any CPU.Build.0 = DebugWithFullTests|Any CPU
		{D841C066-8418-47DF-9AE3-6E3A62501ADC}.DebugWithFullTests|ARM.ActiveCfg = DebugWithFullTests|Any CPU
		{D841C066-8418-47DF-9AE3-6E3A62501ADC}.DebugWithFullTests|ARM.Build.0 = DebugWithFullTests|Any CPU
		{D841C066-8418-47DF-9AE3-6E3A62501ADC}.DebugWithFullTests|x64.ActiveCfg = DebugWithFullTests|Any CPU
		{D841C066-8418-47DF-9AE3-6E3A62501ADC}.DebugWithFullTests|x64.Build.0 = DebugWithFullTests|Any CPU
		{D841C066-8418-47DF-9AE3-6E3A62501ADC}.DebugWithFullTests|x86.ActiveCfg = DebugWithFullTests|Any CPU
		{D841C066-8418-47DF-9AE3-6E3A62501ADC}.DebugWithFullTests|x86.Build.0 = DebugWithFullTests|Any CPU
		{D841C066-8418-47DF-9AE3-6E3A62501ADC}.Release|Any CPU.ActiveCfg = Release|Any CPU
		{D841C066-8418-47DF-9AE3-6E3A62501ADC}.Release|Any CPU.Build.0 = Release|Any CPU
		{D841C066-8418-47DF-9AE3-6E3A62501ADC}.Release|ARM.ActiveCfg = Release|Any CPU
		{D841C066-8418-47DF-9AE3-6E3A62501ADC}.Release|ARM.Build.0 = Release|Any CPU
		{D841C066-8418-47DF-9AE3-6E3A62501ADC}.Release|x64.ActiveCfg = Release|Any CPU
		{D841C066-8418-47DF-9AE3-6E3A62501ADC}.Release|x64.Build.0 = Release|Any CPU
		{D841C066-8418-47DF-9AE3-6E3A62501ADC}.Release|x86.ActiveCfg = Release|Any CPU
		{D841C066-8418-47DF-9AE3-6E3A62501ADC}.Release|x86.Build.0 = Release|Any CPU
		{AF9D054E-6020-402B-A609-737370216DE3}.AppStore|Any CPU.ActiveCfg = Release|Any CPU
		{AF9D054E-6020-402B-A609-737370216DE3}.AppStore|Any CPU.Build.0 = Release|Any CPU
		{AF9D054E-6020-402B-A609-737370216DE3}.AppStore|ARM.ActiveCfg = Release|Any CPU
		{AF9D054E-6020-402B-A609-737370216DE3}.AppStore|ARM.Build.0 = Release|Any CPU
		{AF9D054E-6020-402B-A609-737370216DE3}.AppStore|x64.ActiveCfg = Release|Any CPU
		{AF9D054E-6020-402B-A609-737370216DE3}.AppStore|x64.Build.0 = Release|Any CPU
		{AF9D054E-6020-402B-A609-737370216DE3}.AppStore|x86.ActiveCfg = Release|Any CPU
		{AF9D054E-6020-402B-A609-737370216DE3}.AppStore|x86.Build.0 = Release|Any CPU
		{AF9D054E-6020-402B-A609-737370216DE3}.Debug|Any CPU.ActiveCfg = Debug|Any CPU
		{AF9D054E-6020-402B-A609-737370216DE3}.Debug|Any CPU.Build.0 = Debug|Any CPU
		{AF9D054E-6020-402B-A609-737370216DE3}.Debug|ARM.ActiveCfg = Debug|Any CPU
		{AF9D054E-6020-402B-A609-737370216DE3}.Debug|ARM.Build.0 = Debug|Any CPU
		{AF9D054E-6020-402B-A609-737370216DE3}.Debug|x64.ActiveCfg = Debug|Any CPU
		{AF9D054E-6020-402B-A609-737370216DE3}.Debug|x64.Build.0 = Debug|Any CPU
		{AF9D054E-6020-402B-A609-737370216DE3}.Debug|x86.ActiveCfg = Debug|Any CPU
		{AF9D054E-6020-402B-A609-737370216DE3}.Debug|x86.Build.0 = Debug|Any CPU
		{AF9D054E-6020-402B-A609-737370216DE3}.DebugWithFullTests|Any CPU.ActiveCfg = DebugWithFullTests|Any CPU
		{AF9D054E-6020-402B-A609-737370216DE3}.DebugWithFullTests|Any CPU.Build.0 = DebugWithFullTests|Any CPU
		{AF9D054E-6020-402B-A609-737370216DE3}.DebugWithFullTests|ARM.ActiveCfg = DebugWithFullTests|Any CPU
		{AF9D054E-6020-402B-A609-737370216DE3}.DebugWithFullTests|ARM.Build.0 = DebugWithFullTests|Any CPU
		{AF9D054E-6020-402B-A609-737370216DE3}.DebugWithFullTests|x64.ActiveCfg = DebugWithFullTests|Any CPU
		{AF9D054E-6020-402B-A609-737370216DE3}.DebugWithFullTests|x64.Build.0 = DebugWithFullTests|Any CPU
		{AF9D054E-6020-402B-A609-737370216DE3}.DebugWithFullTests|x86.ActiveCfg = DebugWithFullTests|Any CPU
		{AF9D054E-6020-402B-A609-737370216DE3}.DebugWithFullTests|x86.Build.0 = DebugWithFullTests|Any CPU
		{AF9D054E-6020-402B-A609-737370216DE3}.Release|Any CPU.ActiveCfg = Release|Any CPU
		{AF9D054E-6020-402B-A609-737370216DE3}.Release|Any CPU.Build.0 = Release|Any CPU
		{AF9D054E-6020-402B-A609-737370216DE3}.Release|ARM.ActiveCfg = Release|Any CPU
		{AF9D054E-6020-402B-A609-737370216DE3}.Release|ARM.Build.0 = Release|Any CPU
		{AF9D054E-6020-402B-A609-737370216DE3}.Release|x64.ActiveCfg = Release|Any CPU
		{AF9D054E-6020-402B-A609-737370216DE3}.Release|x64.Build.0 = Release|Any CPU
		{AF9D054E-6020-402B-A609-737370216DE3}.Release|x86.ActiveCfg = Release|Any CPU
		{AF9D054E-6020-402B-A609-737370216DE3}.Release|x86.Build.0 = Release|Any CPU
		{D424D5A0-1A70-4997-98C1-44C1845B4E91}.AppStore|Any CPU.ActiveCfg = AppStore|Any CPU
		{D424D5A0-1A70-4997-98C1-44C1845B4E91}.AppStore|Any CPU.Build.0 = AppStore|Any CPU
		{D424D5A0-1A70-4997-98C1-44C1845B4E91}.AppStore|ARM.ActiveCfg = AppStore|Any CPU
		{D424D5A0-1A70-4997-98C1-44C1845B4E91}.AppStore|ARM.Build.0 = AppStore|Any CPU
		{D424D5A0-1A70-4997-98C1-44C1845B4E91}.AppStore|x64.ActiveCfg = AppStore|Any CPU
		{D424D5A0-1A70-4997-98C1-44C1845B4E91}.AppStore|x64.Build.0 = AppStore|Any CPU
		{D424D5A0-1A70-4997-98C1-44C1845B4E91}.AppStore|x86.ActiveCfg = AppStore|Any CPU
		{D424D5A0-1A70-4997-98C1-44C1845B4E91}.AppStore|x86.Build.0 = AppStore|Any CPU
		{D424D5A0-1A70-4997-98C1-44C1845B4E91}.Debug|Any CPU.ActiveCfg = Debug|Any CPU
		{D424D5A0-1A70-4997-98C1-44C1845B4E91}.Debug|Any CPU.Build.0 = Debug|Any CPU
		{D424D5A0-1A70-4997-98C1-44C1845B4E91}.Debug|ARM.ActiveCfg = Debug|Any CPU
		{D424D5A0-1A70-4997-98C1-44C1845B4E91}.Debug|ARM.Build.0 = Debug|Any CPU
		{D424D5A0-1A70-4997-98C1-44C1845B4E91}.Debug|x64.ActiveCfg = Debug|Any CPU
		{D424D5A0-1A70-4997-98C1-44C1845B4E91}.Debug|x64.Build.0 = Debug|Any CPU
		{D424D5A0-1A70-4997-98C1-44C1845B4E91}.Debug|x86.ActiveCfg = Debug|Any CPU
		{D424D5A0-1A70-4997-98C1-44C1845B4E91}.Debug|x86.Build.0 = Debug|Any CPU
		{D424D5A0-1A70-4997-98C1-44C1845B4E91}.DebugWithFullTests|Any CPU.ActiveCfg = DebugWithFullTests|Any CPU
		{D424D5A0-1A70-4997-98C1-44C1845B4E91}.DebugWithFullTests|Any CPU.Build.0 = DebugWithFullTests|Any CPU
		{D424D5A0-1A70-4997-98C1-44C1845B4E91}.DebugWithFullTests|ARM.ActiveCfg = DebugWithFullTests|Any CPU
		{D424D5A0-1A70-4997-98C1-44C1845B4E91}.DebugWithFullTests|ARM.Build.0 = DebugWithFullTests|Any CPU
		{D424D5A0-1A70-4997-98C1-44C1845B4E91}.DebugWithFullTests|x64.ActiveCfg = DebugWithFullTests|Any CPU
		{D424D5A0-1A70-4997-98C1-44C1845B4E91}.DebugWithFullTests|x64.Build.0 = DebugWithFullTests|Any CPU
		{D424D5A0-1A70-4997-98C1-44C1845B4E91}.DebugWithFullTests|x86.ActiveCfg = DebugWithFullTests|Any CPU
		{D424D5A0-1A70-4997-98C1-44C1845B4E91}.DebugWithFullTests|x86.Build.0 = DebugWithFullTests|Any CPU
		{D424D5A0-1A70-4997-98C1-44C1845B4E91}.Release|Any CPU.ActiveCfg = Release|Any CPU
		{D424D5A0-1A70-4997-98C1-44C1845B4E91}.Release|Any CPU.Build.0 = Release|Any CPU
		{D424D5A0-1A70-4997-98C1-44C1845B4E91}.Release|ARM.ActiveCfg = Release|Any CPU
		{D424D5A0-1A70-4997-98C1-44C1845B4E91}.Release|ARM.Build.0 = Release|Any CPU
		{D424D5A0-1A70-4997-98C1-44C1845B4E91}.Release|x64.ActiveCfg = Release|Any CPU
		{D424D5A0-1A70-4997-98C1-44C1845B4E91}.Release|x64.Build.0 = Release|Any CPU
		{D424D5A0-1A70-4997-98C1-44C1845B4E91}.Release|x86.ActiveCfg = Release|Any CPU
		{D424D5A0-1A70-4997-98C1-44C1845B4E91}.Release|x86.Build.0 = Release|Any CPU
		{3D7F2FD6-7EAE-4A4D-8368-30B886C59ACE}.AppStore|Any CPU.ActiveCfg = Release|Any CPU
		{3D7F2FD6-7EAE-4A4D-8368-30B886C59ACE}.AppStore|Any CPU.Build.0 = Release|Any CPU
		{3D7F2FD6-7EAE-4A4D-8368-30B886C59ACE}.AppStore|ARM.ActiveCfg = Release|Any CPU
		{3D7F2FD6-7EAE-4A4D-8368-30B886C59ACE}.AppStore|ARM.Build.0 = Release|Any CPU
		{3D7F2FD6-7EAE-4A4D-8368-30B886C59ACE}.AppStore|x64.ActiveCfg = Release|Any CPU
		{3D7F2FD6-7EAE-4A4D-8368-30B886C59ACE}.AppStore|x64.Build.0 = Release|Any CPU
		{3D7F2FD6-7EAE-4A4D-8368-30B886C59ACE}.AppStore|x86.ActiveCfg = Release|Any CPU
		{3D7F2FD6-7EAE-4A4D-8368-30B886C59ACE}.AppStore|x86.Build.0 = Release|Any CPU
		{3D7F2FD6-7EAE-4A4D-8368-30B886C59ACE}.Debug|Any CPU.ActiveCfg = Debug|Any CPU
		{3D7F2FD6-7EAE-4A4D-8368-30B886C59ACE}.Debug|Any CPU.Build.0 = Debug|Any CPU
		{3D7F2FD6-7EAE-4A4D-8368-30B886C59ACE}.Debug|ARM.ActiveCfg = Debug|Any CPU
		{3D7F2FD6-7EAE-4A4D-8368-30B886C59ACE}.Debug|ARM.Build.0 = Debug|Any CPU
		{3D7F2FD6-7EAE-4A4D-8368-30B886C59ACE}.Debug|x64.ActiveCfg = Debug|Any CPU
		{3D7F2FD6-7EAE-4A4D-8368-30B886C59ACE}.Debug|x64.Build.0 = Debug|Any CPU
		{3D7F2FD6-7EAE-4A4D-8368-30B886C59ACE}.Debug|x86.ActiveCfg = Debug|Any CPU
		{3D7F2FD6-7EAE-4A4D-8368-30B886C59ACE}.Debug|x86.Build.0 = Debug|Any CPU
		{3D7F2FD6-7EAE-4A4D-8368-30B886C59ACE}.DebugWithFullTests|Any CPU.ActiveCfg = DebugWithFullTests|Any CPU
		{3D7F2FD6-7EAE-4A4D-8368-30B886C59ACE}.DebugWithFullTests|Any CPU.Build.0 = DebugWithFullTests|Any CPU
		{3D7F2FD6-7EAE-4A4D-8368-30B886C59ACE}.DebugWithFullTests|ARM.ActiveCfg = DebugWithFullTests|Any CPU
		{3D7F2FD6-7EAE-4A4D-8368-30B886C59ACE}.DebugWithFullTests|ARM.Build.0 = DebugWithFullTests|Any CPU
		{3D7F2FD6-7EAE-4A4D-8368-30B886C59ACE}.DebugWithFullTests|x64.ActiveCfg = DebugWithFullTests|Any CPU
		{3D7F2FD6-7EAE-4A4D-8368-30B886C59ACE}.DebugWithFullTests|x64.Build.0 = DebugWithFullTests|Any CPU
		{3D7F2FD6-7EAE-4A4D-8368-30B886C59ACE}.DebugWithFullTests|x86.ActiveCfg = DebugWithFullTests|Any CPU
		{3D7F2FD6-7EAE-4A4D-8368-30B886C59ACE}.DebugWithFullTests|x86.Build.0 = DebugWithFullTests|Any CPU
		{3D7F2FD6-7EAE-4A4D-8368-30B886C59ACE}.Release|Any CPU.ActiveCfg = Release|Any CPU
		{3D7F2FD6-7EAE-4A4D-8368-30B886C59ACE}.Release|Any CPU.Build.0 = Release|Any CPU
		{3D7F2FD6-7EAE-4A4D-8368-30B886C59ACE}.Release|ARM.ActiveCfg = Release|Any CPU
		{3D7F2FD6-7EAE-4A4D-8368-30B886C59ACE}.Release|ARM.Build.0 = Release|Any CPU
		{3D7F2FD6-7EAE-4A4D-8368-30B886C59ACE}.Release|x64.ActiveCfg = Release|Any CPU
		{3D7F2FD6-7EAE-4A4D-8368-30B886C59ACE}.Release|x64.Build.0 = Release|Any CPU
		{3D7F2FD6-7EAE-4A4D-8368-30B886C59ACE}.Release|x86.ActiveCfg = Release|Any CPU
		{3D7F2FD6-7EAE-4A4D-8368-30B886C59ACE}.Release|x86.Build.0 = Release|Any CPU
	EndGlobalSection
	GlobalSection(SolutionProperties) = preSolution
		HideSolutionNode = FALSE
	EndGlobalSection
EndGlobal
