
Microsoft Visual Studio Solution File, Format Version 12.00
# Visual Studio 14
VisualStudioVersion = 14.0.24720.0
MinimumVisualStudioVersion = 10.0.40219.1
Project("{FAE04EC0-301F-11D3-BF4B-00C04F79EFBC}") = "Yort.Http.Pipeline.Portable.Tests", "Yort.Http.Pipeline.Portable.Tests\Yort.Http.Pipeline.Portable.Tests.csproj", "{171FA182-A780-45E8-90AA-52FF83BFA83A}"
EndProject
Project("{FAE04EC0-301F-11D3-BF4B-00C04F79EFBC}") = "Yort.Http.Pipeline.Portable", "Yort.Http.Pipeline.Portable\Yort.Http.Pipeline.Portable.csproj", "{422CAFC0-CD17-4134-A61F-2CECBE4B3F08}"
EndProject
Global
	GlobalSection(SolutionConfigurationPlatforms) = preSolution
		Debug|Any CPU = Debug|Any CPU
		Release|Any CPU = Release|Any CPU
	EndGlobalSection
	GlobalSection(ProjectConfigurationPlatforms) = postSolution
		{171FA182-A780-45E8-90AA-52FF83BFA83A}.Debug|Any CPU.ActiveCfg = Debug|Any CPU
		{171FA182-A780-45E8-90AA-52FF83BFA83A}.Debug|Any CPU.Build.0 = Debug|Any CPU
		{171FA182-A780-45E8-90AA-52FF83BFA83A}.Release|Any CPU.ActiveCfg = Release|Any CPU
		{171FA182-A780-45E8-90AA-52FF83BFA83A}.Release|Any CPU.Build.0 = Release|Any CPU
		{422CAFC0-CD17-4134-A61F-2CECBE4B3F08}.Debug|Any CPU.ActiveCfg = Debug|Any CPU
		{422CAFC0-CD17-4134-A61F-2CECBE4B3F08}.Debug|Any CPU.Build.0 = Debug|Any CPU
		{422CAFC0-CD17-4134-A61F-2CECBE4B3F08}.Release|Any CPU.ActiveCfg = Release|Any CPU
		{422CAFC0-CD17-4134-A61F-2CECBE4B3F08}.Release|Any CPU.Build.0 = Release|Any CPU
	EndGlobalSection
	GlobalSection(SolutionProperties) = preSolution
		HideSolutionNode = FALSE
	EndGlobalSection
EndGlobal
